
Microsoft Visual Studio Solution File, Format Version 12.00
# Visual Studio Version 16
VisualStudioVersion = 16.0.30114.105
MinimumVisualStudioVersion = 10.0.40219.1
Project("{FAE04EC0-301F-11D3-BF4B-00C04F79EFBC}") = "EMUSocial.Api", "EMUSocial.Api\EMUSocial.Api.csproj", "{F4DAE28E-BC2C-4A08-9067-5962E84F15C8}"
EndProject
Project("{FAE04EC0-301F-11D3-BF4B-00C04F79EFBC}") = "EMUSocial.Contracts", "EMUSocial.Contracts\EMUSocial.Contracts.csproj", "{F04229EB-9603-4BD8-B3C7-D2D56740EB31}"
EndProject
Project("{FAE04EC0-301F-11D3-BF4B-00C04F79EFBC}") = "EMUSocial.Infrastructure", "EMUSocial.Infrastructure\EMUSocial.Infrastructure.csproj", "{082A237E-9801-4D08-B642-AB6B05EC487D}"
EndProject
Global
	GlobalSection(SolutionConfigurationPlatforms) = preSolution
		Debug|Any CPU = Debug|Any CPU
		Release|Any CPU = Release|Any CPU
	EndGlobalSection
	GlobalSection(SolutionProperties) = preSolution
		HideSolutionNode = FALSE
	EndGlobalSection
	GlobalSection(ProjectConfigurationPlatforms) = postSolution
		{F4DAE28E-BC2C-4A08-9067-5962E84F15C8}.Debug|Any CPU.ActiveCfg = Debug|Any CPU
		{F4DAE28E-BC2C-4A08-9067-5962E84F15C8}.Debug|Any CPU.Build.0 = Debug|Any CPU
		{F4DAE28E-BC2C-4A08-9067-5962E84F15C8}.Release|Any CPU.ActiveCfg = Release|Any CPU
		{F4DAE28E-BC2C-4A08-9067-5962E84F15C8}.Release|Any CPU.Build.0 = Release|Any CPU
		{F04229EB-9603-4BD8-B3C7-D2D56740EB31}.Debug|Any CPU.ActiveCfg = Debug|Any CPU
		{F04229EB-9603-4BD8-B3C7-D2D56740EB31}.Debug|Any CPU.Build.0 = Debug|Any CPU
		{F04229EB-9603-4BD8-B3C7-D2D56740EB31}.Release|Any CPU.ActiveCfg = Release|Any CPU
		{F04229EB-9603-4BD8-B3C7-D2D56740EB31}.Release|Any CPU.Build.0 = Release|Any CPU
		{082A237E-9801-4D08-B642-AB6B05EC487D}.Debug|Any CPU.ActiveCfg = Debug|Any CPU
		{082A237E-9801-4D08-B642-AB6B05EC487D}.Debug|Any CPU.Build.0 = Debug|Any CPU
		{082A237E-9801-4D08-B642-AB6B05EC487D}.Release|Any CPU.ActiveCfg = Release|Any CPU
		{082A237E-9801-4D08-B642-AB6B05EC487D}.Release|Any CPU.Build.0 = Release|Any CPU
	EndGlobalSection
EndGlobal
